
Microsoft Visual Studio Solution File, Format Version 12.00
Project("{FAE04EC0-301F-11D3-BF4B-00C04F79EFBC}") = "UrlScanner", "UrlScanner\UrlScanner.csproj", "{5DCBF64A-3C09-4440-BFEC-04A6699E8917}"
EndProject
Global
	GlobalSection(SolutionConfigurationPlatforms) = preSolution
		Debug|Any CPU = Debug|Any CPU
		Release|Any CPU = Release|Any CPU
	EndGlobalSection
	GlobalSection(ProjectConfigurationPlatforms) = postSolution
		{5DCBF64A-3C09-4440-BFEC-04A6699E8917}.Debug|Any CPU.ActiveCfg = Debug|Any CPU
		{5DCBF64A-3C09-4440-BFEC-04A6699E8917}.Debug|Any CPU.Build.0 = Debug|Any CPU
		{5DCBF64A-3C09-4440-BFEC-04A6699E8917}.Release|Any CPU.ActiveCfg = Release|Any CPU
		{5DCBF64A-3C09-4440-BFEC-04A6699E8917}.Release|Any CPU.Build.0 = Release|Any CPU
	EndGlobalSection
EndGlobal
